
Microsoft Visual Studio Solution File, Format Version 12.00
# Visual Studio 15
VisualStudioVersion = 15.0.26114.2
MinimumVisualStudioVersion = 10.0.40219.1
Project("{FAE04EC0-301F-11D3-BF4B-00C04F79EFBC}") = "Nancy.Serialization.ProtoBuf", "src\Nancy.Serialization.ProtoBuf\Nancy.Serialization.ProtoBuf.csproj", "{939A994C-A187-41C8-96EF-787BA873CEFB}"
EndProject
Project("{2150E333-8FDC-42A3-9474-1A3956D46DE8}") = "build", "build", "{E164EDE4-8217-408E-B229-04661D75C008}"
	ProjectSection(SolutionItems) = preProject
		NuGet.config = NuGet.config
	EndProjectSection
EndProject
Project("{2150E333-8FDC-42A3-9474-1A3956D46DE8}") = "src", "src", "{DD46BC6F-EF16-4E22-A0D7-8C711BC6B898}"
EndProject
Project("{2150E333-8FDC-42A3-9474-1A3956D46DE8}") = "test", "test", "{B0F88179-56F4-4495-B9A3-A1071FDD1AE8}"
EndProject
Project("{FAE04EC0-301F-11D3-BF4B-00C04F79EFBC}") = "Nancy.Serialization.ProtoBuf.Tests", "test\Nancy.Serialization.ProtoBuf.Tests\Nancy.Serialization.ProtoBuf.Tests.csproj", "{E07F2E59-3B34-4081-982E-E62B3E079A6D}"
EndProject
Project("{FAE04EC0-301F-11D3-BF4B-00C04F79EFBC}") = "Nancy", "dependencies\Nancy\src\Nancy\Nancy.csproj", "{87C7C329-1824-4AC7-AF25-3D06068A01F6}"
EndProject
Project("{FAE04EC0-301F-11D3-BF4B-00C04F79EFBC}") = "Nancy.Testing", "dependencies\Nancy\src\Nancy.Testing\Nancy.Testing.csproj", "{E948F38F-4F8B-41FE-8F49-4792F4EC2531}"
EndProject
Project("{FAE04EC0-301F-11D3-BF4B-00C04F79EFBC}") = "Nancy.Authentication.Forms", "dependencies\Nancy\src\Nancy.Authentication.Forms\Nancy.Authentication.Forms.csproj", "{52B05C75-46F1-4C1B-B660-EDD88BA38924}"
EndProject
Global
	GlobalSection(SolutionConfigurationPlatforms) = preSolution
		Debug|Any CPU = Debug|Any CPU
		Release|Any CPU = Release|Any CPU
	EndGlobalSection
	GlobalSection(ProjectConfigurationPlatforms) = postSolution
		{939A994C-A187-41C8-96EF-787BA873CEFB}.Debug|Any CPU.ActiveCfg = Debug|Any CPU
		{939A994C-A187-41C8-96EF-787BA873CEFB}.Debug|Any CPU.Build.0 = Debug|Any CPU
		{939A994C-A187-41C8-96EF-787BA873CEFB}.Release|Any CPU.ActiveCfg = Release|Any CPU
		{939A994C-A187-41C8-96EF-787BA873CEFB}.Release|Any CPU.Build.0 = Release|Any CPU
		{E07F2E59-3B34-4081-982E-E62B3E079A6D}.Debug|Any CPU.ActiveCfg = Debug|Any CPU
		{E07F2E59-3B34-4081-982E-E62B3E079A6D}.Debug|Any CPU.Build.0 = Debug|Any CPU
		{E07F2E59-3B34-4081-982E-E62B3E079A6D}.Release|Any CPU.ActiveCfg = Release|Any CPU
		{E07F2E59-3B34-4081-982E-E62B3E079A6D}.Release|Any CPU.Build.0 = Release|Any CPU
		{87C7C329-1824-4AC7-AF25-3D06068A01F6}.Debug|Any CPU.ActiveCfg = Debug|Any CPU
		{87C7C329-1824-4AC7-AF25-3D06068A01F6}.Debug|Any CPU.Build.0 = Debug|Any CPU
		{87C7C329-1824-4AC7-AF25-3D06068A01F6}.Release|Any CPU.ActiveCfg = Release|Any CPU
		{87C7C329-1824-4AC7-AF25-3D06068A01F6}.Release|Any CPU.Build.0 = Release|Any CPU
		{E948F38F-4F8B-41FE-8F49-4792F4EC2531}.Debug|Any CPU.ActiveCfg = Debug|Any CPU
		{E948F38F-4F8B-41FE-8F49-4792F4EC2531}.Debug|Any CPU.Build.0 = Debug|Any CPU
		{E948F38F-4F8B-41FE-8F49-4792F4EC2531}.Release|Any CPU.ActiveCfg = Release|Any CPU
		{E948F38F-4F8B-41FE-8F49-4792F4EC2531}.Release|Any CPU.Build.0 = Release|Any CPU
		{52B05C75-46F1-4C1B-B660-EDD88BA38924}.Debug|Any CPU.ActiveCfg = Debug|Any CPU
		{52B05C75-46F1-4C1B-B660-EDD88BA38924}.Debug|Any CPU.Build.0 = Debug|Any CPU
		{52B05C75-46F1-4C1B-B660-EDD88BA38924}.Release|Any CPU.ActiveCfg = Release|Any CPU
		{52B05C75-46F1-4C1B-B660-EDD88BA38924}.Release|Any CPU.Build.0 = Release|Any CPU
	EndGlobalSection
	GlobalSection(SolutionProperties) = preSolution
		HideSolutionNode = FALSE
	EndGlobalSection
	GlobalSection(NestedProjects) = preSolution
		{939A994C-A187-41C8-96EF-787BA873CEFB} = {DD46BC6F-EF16-4E22-A0D7-8C711BC6B898}
		{E07F2E59-3B34-4081-982E-E62B3E079A6D} = {B0F88179-56F4-4495-B9A3-A1071FDD1AE8}
		{87C7C329-1824-4AC7-AF25-3D06068A01F6} = {DD46BC6F-EF16-4E22-A0D7-8C711BC6B898}
		{E948F38F-4F8B-41FE-8F49-4792F4EC2531} = {DD46BC6F-EF16-4E22-A0D7-8C711BC6B898}
		{52B05C75-46F1-4C1B-B660-EDD88BA38924} = {DD46BC6F-EF16-4E22-A0D7-8C711BC6B898}
	EndGlobalSection
EndGlobal
